
Microsoft Visual Studio Solution File, Format Version 12.00
# Visual Studio Version 17
VisualStudioVersion = 17.14.36105.17
MinimumVisualStudioVersion = 10.0.40219.1
Project("{FAE04EC0-301F-11D3-BF4B-00C04F79EFBC}") = "HelloWorld", "HelloWorld\HelloWorld.csproj", "{F9CD46CC-5D9C-4352-AAB3-8B90E5756717}"
EndProject
Project("{FAE04EC0-301F-11D3-BF4B-00C04F79EFBC}") = "FirstDegree", "FirstDegree\FirstDegree.csproj", "{E89E929D-DCB6-4BA9-894D-1677C4D4C33C}"
EndProject
Project("{FAE04EC0-301F-11D3-BF4B-00C04F79EFBC}") = "QuadraticEquation", "QuadraticEquation\QuadraticEquation.csproj", "{C57169D7-56DC-42A4-A6F3-804C852328F0}"
EndProject
Project("{FAE04EC0-301F-11D3-BF4B-00C04F79EFBC}") = "StringInteraction", "StringInteraction\StringInteraction.csproj", "{68FBA3D4-814E-4CC9-9A77-2D68FCE209F6}"
EndProject
Project("{FAE04EC0-301F-11D3-BF4B-00C04F79EFBC}") = "SimpleMath", "SimpleMath\SimpleMath.csproj", "{762DC01D-949F-4FBE-BEF9-5F4E89E0A17F}"
EndProject
Project("{FAE04EC0-301F-11D3-BF4B-00C04F79EFBC}") = "CallByReference", "CallByReference\CallByReference.csproj", "{46085B48-9AC3-4D09-B364-113EAFD0BB6A}"
EndProject
Project("{FAE04EC0-301F-11D3-BF4B-00C04F79EFBC}") = "ReviewFor", "ReviewFor\ReviewFor.csproj", "{7886E51F-4B52-4B20-A999-7099BCB734B8}"
EndProject
Project("{FAE04EC0-301F-11D3-BF4B-00C04F79EFBC}") = "LearnForeach", "LearnForeach\LearnForeach.csproj", "{40B8158D-F0F3-4248-9085-9338E5D4CA21}"
EndProject
Project("{FAE04EC0-301F-11D3-BF4B-00C04F79EFBC}") = "ReviewNestedLoop", "ReviewNestedLoop\ReviewNestedLoop.csproj", "{633A3E17-434B-43A9-AB78-8BD1A1C2B66A}"
EndProject
Project("{FAE04EC0-301F-11D3-BF4B-00C04F79EFBC}") = "OOP1", "OOP1\OOP1.csproj", "{3AACDB72-5AD8-4E7C-9A62-81FB207CA863}"
EndProject
Project("{FAE04EC0-301F-11D3-BF4B-00C04F79EFBC}") = "OOP2", "OOP2\OOP2.csproj", "{0FA27BDA-5581-4079-B0D5-333ADB1F7C43}"
EndProject
Project("{FAE04EC0-301F-11D3-BF4B-00C04F79EFBC}") = "OOP3_ExtensionMethod", "OOP3_ExtensionMethod\OOP3_ExtensionMethod.csproj", "{945D29BF-153A-42E7-9610-DFE1B2F62236}"
EndProject
Project("{FAE04EC0-301F-11D3-BF4B-00C04F79EFBC}") = "OOP2_Reuse_as_Library", "OOP2_Reuse_as_Library\OOP2_Reuse_as_Library.csproj", "{2E6FA2D5-F060-4511-A114-8F4EF8BD5ED7}"
EndProject
Project("{FAE04EC0-301F-11D3-BF4B-00C04F79EFBC}") = "Collection_Generic", "Collection_Generic\Collection_Generic.csproj", "{055C3E49-CF5D-42A8-B87A-8F8226739FBE}"
EndProject
Project("{FAE04EC0-301F-11D3-BF4B-00C04F79EFBC}") = "OOP4", "OOP4\OOP4.csproj", "{5225BF74-7AEB-40FA-AC1A-D8DC31FD4EDE}"
EndProject
Project("{2150E333-8FDC-42A3-9474-1A3956D46DE8}") = "Chapter5", "Chapter5", "{02EA681E-C7D8-13C7-8484-4AC65E1B71E8}"
EndProject
Project("{FAE04EC0-301F-11D3-BF4B-00C04F79EFBC}") = "BuilderPattern", "..\Chapter5\Chapter5\BuilderPattern\BuilderPattern.csproj", "{27E52387-E016-3428-247D-485FCEA97004}"
EndProject
Project("{FAE04EC0-301F-11D3-BF4B-00C04F79EFBC}") = "FactoriesPattern", "..\Chapter5\Chapter5\FactoriesPattern\FactoriesPattern.csproj", "{03E52C0A-4CA6-2812-BE6F-B1A551D4D420}"
EndProject
Project("{FAE04EC0-301F-11D3-BF4B-00C04F79EFBC}") = "ObserverPattern", "..\Chapter5\Chapter5\ObserverPattern\ObserverPattern.csproj", "{1F7E71D6-0C5F-0C44-92B8-41271CDCECDC}"
EndProject
Project("{FAE04EC0-301F-11D3-BF4B-00C04F79EFBC}") = "PrototypePattern", "..\Chapter5\Chapter5\PrototypePattern\PrototypePattern.csproj", "{C1079F3E-74F3-3449-97F5-0A42AE17AF83}"
EndProject
Project("{FAE04EC0-301F-11D3-BF4B-00C04F79EFBC}") = "SingletonPattern", "..\Chapter5\Chapter5\SingletonPattern\SingletonPattern.csproj", "{61448976-9E4C-58B0-4B7D-EEF00AACBA09}"
EndProject
Project("{FAE04EC0-301F-11D3-BF4B-00C04F79EFBC}") = "OOP5", "OOP5\OOP5.csproj", "{17B440B4-545C-4ADA-A87A-09FD12BFA65E}"
EndProject
Project("{FAE04EC0-301F-11D3-BF4B-00C04F79EFBC}") = "OOP5_Clone", "OOP5_Clone\OOP5_Clone.csproj", "{79E399FE-4018-4D63-8097-0686A017B187}"
EndProject
Project("{2150E333-8FDC-42A3-9474-1A3956D46DE8}") = "Chapter6", "Chapter6", "{986E5D6F-FE81-4298-B36E-702099CD2C09}"
EndProject
Project("{FAE04EC0-301F-11D3-BF4B-00C04F79EFBC}") = "DemoDelegate1", "DemoDelegate\DemoDelegate1.csproj", "{0D1C340A-CEA7-48EA-A5CB-9156EEFCB3D5}"
EndProject
Project("{FAE04EC0-301F-11D3-BF4B-00C04F79EFBC}") = "DemoLinqToObject", "DemoLinqToObject\DemoLinqToObject.csproj", "{B3FF2057-C1B1-4222-A9FE-473BF3CFE66C}"
EndProject
Project("{FAE04EC0-301F-11D3-BF4B-00C04F79EFBC}") = "DemoLinqToObject2", "DemoLinqToObject2\DemoLinqToObject2.csproj", "{DCB6C662-C63A-402A-9EC8-8A86C43E5BC0}"
EndProject
Project("{FAE04EC0-301F-11D3-BF4B-00C04F79EFBC}") = "DemoMyStoreLINQ2SQL", "DemoMyStoreLINQ2SQL\DemoMyStoreLINQ2SQL.csproj", "{530AA0ED-A183-4A41-9205-6A76E6FE3025}"
EndProject
Project("{FAE04EC0-301F-11D3-BF4B-00C04F79EFBC}") = "LucyDemoLINQ2SQL", "LucyDemoLINQ2SQL\LucyDemoLINQ2SQL.csproj", "{1E15531F-9935-4B96-B131-9097F73598B4}"
EndProject
Project("{2150E333-8FDC-42A3-9474-1A3956D46DE8}") = "Chapter7", "Chapter7", "{DEA1808D-9901-4542-BC82-167C7882A384}"
EndProject
Project("{FAE04EC0-301F-11D3-BF4B-00C04F79EFBC}") = "HelloWpf", "HelloWpf\HelloWpf.csproj", "{BA05EE90-164E-4645-9817-C29E3CDB7034}"
EndProject
Project("{FAE04EC0-301F-11D3-BF4B-00C04F79EFBC}") = "LoginWindow", "LoginWindow\LoginWindow.csproj", "{BBFA632A-CC3E-4636-8660-AA286F4B954A}"
EndProject
Project("{2150E333-8FDC-42A3-9474-1A3956D46DE8}") = "BaiTapWPF", "BaiTapWPF", "{889ADF64-4E95-4F63-AADE-38A2FC077843}"
EndProject
Project("{FAE04EC0-301F-11D3-BF4B-00C04F79EFBC}") = "ButtonControl_TongHop", "Bai1\ButtonControl_TongHop.csproj", "{5479D905-953A-4E5C-9D3E-5C2406CC5694}"
EndProject
Global
	GlobalSection(SolutionConfigurationPlatforms) = preSolution
		Debug|Any CPU = Debug|Any CPU
		Release|Any CPU = Release|Any CPU
	EndGlobalSection
	GlobalSection(ProjectConfigurationPlatforms) = postSolution
		{F9CD46CC-5D9C-4352-AAB3-8B90E5756717}.Debug|Any CPU.ActiveCfg = Debug|Any CPU
		{F9CD46CC-5D9C-4352-AAB3-8B90E5756717}.Debug|Any CPU.Build.0 = Debug|Any CPU
		{F9CD46CC-5D9C-4352-AAB3-8B90E5756717}.Release|Any CPU.ActiveCfg = Release|Any CPU
		{F9CD46CC-5D9C-4352-AAB3-8B90E5756717}.Release|Any CPU.Build.0 = Release|Any CPU
		{E89E929D-DCB6-4BA9-894D-1677C4D4C33C}.Debug|Any CPU.ActiveCfg = Debug|Any CPU
		{E89E929D-DCB6-4BA9-894D-1677C4D4C33C}.Debug|Any CPU.Build.0 = Debug|Any CPU
		{E89E929D-DCB6-4BA9-894D-1677C4D4C33C}.Release|Any CPU.ActiveCfg = Release|Any CPU
		{E89E929D-DCB6-4BA9-894D-1677C4D4C33C}.Release|Any CPU.Build.0 = Release|Any CPU
		{C57169D7-56DC-42A4-A6F3-804C852328F0}.Debug|Any CPU.ActiveCfg = Debug|Any CPU
		{C57169D7-56DC-42A4-A6F3-804C852328F0}.Debug|Any CPU.Build.0 = Debug|Any CPU
		{C57169D7-56DC-42A4-A6F3-804C852328F0}.Release|Any CPU.ActiveCfg = Release|Any CPU
		{C57169D7-56DC-42A4-A6F3-804C852328F0}.Release|Any CPU.Build.0 = Release|Any CPU
		{68FBA3D4-814E-4CC9-9A77-2D68FCE209F6}.Debug|Any CPU.ActiveCfg = Debug|Any CPU
		{68FBA3D4-814E-4CC9-9A77-2D68FCE209F6}.Debug|Any CPU.Build.0 = Debug|Any CPU
		{68FBA3D4-814E-4CC9-9A77-2D68FCE209F6}.Release|Any CPU.ActiveCfg = Release|Any CPU
		{68FBA3D4-814E-4CC9-9A77-2D68FCE209F6}.Release|Any CPU.Build.0 = Release|Any CPU
		{762DC01D-949F-4FBE-BEF9-5F4E89E0A17F}.Debug|Any CPU.ActiveCfg = Debug|Any CPU
		{762DC01D-949F-4FBE-BEF9-5F4E89E0A17F}.Debug|Any CPU.Build.0 = Debug|Any CPU
		{762DC01D-949F-4FBE-BEF9-5F4E89E0A17F}.Release|Any CPU.ActiveCfg = Release|Any CPU
		{762DC01D-949F-4FBE-BEF9-5F4E89E0A17F}.Release|Any CPU.Build.0 = Release|Any CPU
		{46085B48-9AC3-4D09-B364-113EAFD0BB6A}.Debug|Any CPU.ActiveCfg = Debug|Any CPU
		{46085B48-9AC3-4D09-B364-113EAFD0BB6A}.Debug|Any CPU.Build.0 = Debug|Any CPU
		{46085B48-9AC3-4D09-B364-113EAFD0BB6A}.Release|Any CPU.ActiveCfg = Release|Any CPU
		{46085B48-9AC3-4D09-B364-113EAFD0BB6A}.Release|Any CPU.Build.0 = Release|Any CPU
		{7886E51F-4B52-4B20-A999-7099BCB734B8}.Debug|Any CPU.ActiveCfg = Debug|Any CPU
		{7886E51F-4B52-4B20-A999-7099BCB734B8}.Debug|Any CPU.Build.0 = Debug|Any CPU
		{7886E51F-4B52-4B20-A999-7099BCB734B8}.Release|Any CPU.ActiveCfg = Release|Any CPU
		{7886E51F-4B52-4B20-A999-7099BCB734B8}.Release|Any CPU.Build.0 = Release|Any CPU
		{40B8158D-F0F3-4248-9085-9338E5D4CA21}.Debug|Any CPU.ActiveCfg = Debug|Any CPU
		{40B8158D-F0F3-4248-9085-9338E5D4CA21}.Debug|Any CPU.Build.0 = Debug|Any CPU
		{40B8158D-F0F3-4248-9085-9338E5D4CA21}.Release|Any CPU.ActiveCfg = Release|Any CPU
		{40B8158D-F0F3-4248-9085-9338E5D4CA21}.Release|Any CPU.Build.0 = Release|Any CPU
		{633A3E17-434B-43A9-AB78-8BD1A1C2B66A}.Debug|Any CPU.ActiveCfg = Debug|Any CPU
		{633A3E17-434B-43A9-AB78-8BD1A1C2B66A}.Debug|Any CPU.Build.0 = Debug|Any CPU
		{633A3E17-434B-43A9-AB78-8BD1A1C2B66A}.Release|Any CPU.ActiveCfg = Release|Any CPU
		{633A3E17-434B-43A9-AB78-8BD1A1C2B66A}.Release|Any CPU.Build.0 = Release|Any CPU
		{3AACDB72-5AD8-4E7C-9A62-81FB207CA863}.Debug|Any CPU.ActiveCfg = Debug|Any CPU
		{3AACDB72-5AD8-4E7C-9A62-81FB207CA863}.Debug|Any CPU.Build.0 = Debug|Any CPU
		{3AACDB72-5AD8-4E7C-9A62-81FB207CA863}.Release|Any CPU.ActiveCfg = Release|Any CPU
		{3AACDB72-5AD8-4E7C-9A62-81FB207CA863}.Release|Any CPU.Build.0 = Release|Any CPU
		{0FA27BDA-5581-4079-B0D5-333ADB1F7C43}.Debug|Any CPU.ActiveCfg = Debug|Any CPU
		{0FA27BDA-5581-4079-B0D5-333ADB1F7C43}.Debug|Any CPU.Build.0 = Debug|Any CPU
		{0FA27BDA-5581-4079-B0D5-333ADB1F7C43}.Release|Any CPU.ActiveCfg = Release|Any CPU
		{0FA27BDA-5581-4079-B0D5-333ADB1F7C43}.Release|Any CPU.Build.0 = Release|Any CPU
		{945D29BF-153A-42E7-9610-DFE1B2F62236}.Debug|Any CPU.ActiveCfg = Debug|Any CPU
		{945D29BF-153A-42E7-9610-DFE1B2F62236}.Debug|Any CPU.Build.0 = Debug|Any CPU
		{945D29BF-153A-42E7-9610-DFE1B2F62236}.Release|Any CPU.ActiveCfg = Release|Any CPU
		{945D29BF-153A-42E7-9610-DFE1B2F62236}.Release|Any CPU.Build.0 = Release|Any CPU
		{2E6FA2D5-F060-4511-A114-8F4EF8BD5ED7}.Debug|Any CPU.ActiveCfg = Debug|Any CPU
		{2E6FA2D5-F060-4511-A114-8F4EF8BD5ED7}.Debug|Any CPU.Build.0 = Debug|Any CPU
		{2E6FA2D5-F060-4511-A114-8F4EF8BD5ED7}.Release|Any CPU.ActiveCfg = Release|Any CPU
		{2E6FA2D5-F060-4511-A114-8F4EF8BD5ED7}.Release|Any CPU.Build.0 = Release|Any CPU
		{055C3E49-CF5D-42A8-B87A-8F8226739FBE}.Debug|Any CPU.ActiveCfg = Debug|Any CPU
		{055C3E49-CF5D-42A8-B87A-8F8226739FBE}.Debug|Any CPU.Build.0 = Debug|Any CPU
		{055C3E49-CF5D-42A8-B87A-8F8226739FBE}.Release|Any CPU.ActiveCfg = Release|Any CPU
		{055C3E49-CF5D-42A8-B87A-8F8226739FBE}.Release|Any CPU.Build.0 = Release|Any CPU
		{5225BF74-7AEB-40FA-AC1A-D8DC31FD4EDE}.Debug|Any CPU.ActiveCfg = Debug|Any CPU
		{5225BF74-7AEB-40FA-AC1A-D8DC31FD4EDE}.Debug|Any CPU.Build.0 = Debug|Any CPU
		{5225BF74-7AEB-40FA-AC1A-D8DC31FD4EDE}.Release|Any CPU.ActiveCfg = Release|Any CPU
		{5225BF74-7AEB-40FA-AC1A-D8DC31FD4EDE}.Release|Any CPU.Build.0 = Release|Any CPU
		{27E52387-E016-3428-247D-485FCEA97004}.Debug|Any CPU.ActiveCfg = Debug|Any CPU
		{27E52387-E016-3428-247D-485FCEA97004}.Debug|Any CPU.Build.0 = Debug|Any CPU
		{27E52387-E016-3428-247D-485FCEA97004}.Release|Any CPU.ActiveCfg = Release|Any CPU
		{27E52387-E016-3428-247D-485FCEA97004}.Release|Any CPU.Build.0 = Release|Any CPU
		{03E52C0A-4CA6-2812-BE6F-B1A551D4D420}.Debug|Any CPU.ActiveCfg = Debug|Any CPU
		{03E52C0A-4CA6-2812-BE6F-B1A551D4D420}.Debug|Any CPU.Build.0 = Debug|Any CPU
		{03E52C0A-4CA6-2812-BE6F-B1A551D4D420}.Release|Any CPU.ActiveCfg = Release|Any CPU
		{03E52C0A-4CA6-2812-BE6F-B1A551D4D420}.Release|Any CPU.Build.0 = Release|Any CPU
		{1F7E71D6-0C5F-0C44-92B8-41271CDCECDC}.Debug|Any CPU.ActiveCfg = Debug|Any CPU
		{1F7E71D6-0C5F-0C44-92B8-41271CDCECDC}.Debug|Any CPU.Build.0 = Debug|Any CPU
		{1F7E71D6-0C5F-0C44-92B8-41271CDCECDC}.Release|Any CPU.ActiveCfg = Release|Any CPU
		{1F7E71D6-0C5F-0C44-92B8-41271CDCECDC}.Release|Any CPU.Build.0 = Release|Any CPU
		{C1079F3E-74F3-3449-97F5-0A42AE17AF83}.Debug|Any CPU.ActiveCfg = Debug|Any CPU
		{C1079F3E-74F3-3449-97F5-0A42AE17AF83}.Debug|Any CPU.Build.0 = Debug|Any CPU
		{C1079F3E-74F3-3449-97F5-0A42AE17AF83}.Release|Any CPU.ActiveCfg = Release|Any CPU
		{C1079F3E-74F3-3449-97F5-0A42AE17AF83}.Release|Any CPU.Build.0 = Release|Any CPU
		{61448976-9E4C-58B0-4B7D-EEF00AACBA09}.Debug|Any CPU.ActiveCfg = Debug|Any CPU
		{61448976-9E4C-58B0-4B7D-EEF00AACBA09}.Debug|Any CPU.Build.0 = Debug|Any CPU
		{61448976-9E4C-58B0-4B7D-EEF00AACBA09}.Release|Any CPU.ActiveCfg = Release|Any CPU
		{61448976-9E4C-58B0-4B7D-EEF00AACBA09}.Release|Any CPU.Build.0 = Release|Any CPU
		{17B440B4-545C-4ADA-A87A-09FD12BFA65E}.Debug|Any CPU.ActiveCfg = Debug|Any CPU
		{17B440B4-545C-4ADA-A87A-09FD12BFA65E}.Debug|Any CPU.Build.0 = Debug|Any CPU
		{17B440B4-545C-4ADA-A87A-09FD12BFA65E}.Release|Any CPU.ActiveCfg = Release|Any CPU
		{17B440B4-545C-4ADA-A87A-09FD12BFA65E}.Release|Any CPU.Build.0 = Release|Any CPU
		{79E399FE-4018-4D63-8097-0686A017B187}.Debug|Any CPU.ActiveCfg = Debug|Any CPU
		{79E399FE-4018-4D63-8097-0686A017B187}.Debug|Any CPU.Build.0 = Debug|Any CPU
		{79E399FE-4018-4D63-8097-0686A017B187}.Release|Any CPU.ActiveCfg = Release|Any CPU
		{79E399FE-4018-4D63-8097-0686A017B187}.Release|Any CPU.Build.0 = Release|Any CPU
		{0D1C340A-CEA7-48EA-A5CB-9156EEFCB3D5}.Debug|Any CPU.ActiveCfg = Debug|Any CPU
		{0D1C340A-CEA7-48EA-A5CB-9156EEFCB3D5}.Debug|Any CPU.Build.0 = Debug|Any CPU
		{0D1C340A-CEA7-48EA-A5CB-9156EEFCB3D5}.Release|Any CPU.ActiveCfg = Release|Any CPU
		{0D1C340A-CEA7-48EA-A5CB-9156EEFCB3D5}.Release|Any CPU.Build.0 = Release|Any CPU
		{B3FF2057-C1B1-4222-A9FE-473BF3CFE66C}.Debug|Any CPU.ActiveCfg = Debug|Any CPU
		{B3FF2057-C1B1-4222-A9FE-473BF3CFE66C}.Debug|Any CPU.Build.0 = Debug|Any CPU
		{B3FF2057-C1B1-4222-A9FE-473BF3CFE66C}.Release|Any CPU.ActiveCfg = Release|Any CPU
		{B3FF2057-C1B1-4222-A9FE-473BF3CFE66C}.Release|Any CPU.Build.0 = Release|Any CPU
		{DCB6C662-C63A-402A-9EC8-8A86C43E5BC0}.Debug|Any CPU.ActiveCfg = Debug|Any CPU
		{DCB6C662-C63A-402A-9EC8-8A86C43E5BC0}.Debug|Any CPU.Build.0 = Debug|Any CPU
		{DCB6C662-C63A-402A-9EC8-8A86C43E5BC0}.Release|Any CPU.ActiveCfg = Release|Any CPU
		{DCB6C662-C63A-402A-9EC8-8A86C43E5BC0}.Release|Any CPU.Build.0 = Release|Any CPU
		{530AA0ED-A183-4A41-9205-6A76E6FE3025}.Debug|Any CPU.ActiveCfg = Debug|Any CPU
		{530AA0ED-A183-4A41-9205-6A76E6FE3025}.Debug|Any CPU.Build.0 = Debug|Any CPU
		{530AA0ED-A183-4A41-9205-6A76E6FE3025}.Release|Any CPU.ActiveCfg = Release|Any CPU
		{530AA0ED-A183-4A41-9205-6A76E6FE3025}.Release|Any CPU.Build.0 = Release|Any CPU
		{1E15531F-9935-4B96-B131-9097F73598B4}.Debug|Any CPU.ActiveCfg = Debug|Any CPU
		{1E15531F-9935-4B96-B131-9097F73598B4}.Debug|Any CPU.Build.0 = Debug|Any CPU
		{1E15531F-9935-4B96-B131-9097F73598B4}.Release|Any CPU.ActiveCfg = Release|Any CPU
		{1E15531F-9935-4B96-B131-9097F73598B4}.Release|Any CPU.Build.0 = Release|Any CPU
		{BA05EE90-164E-4645-9817-C29E3CDB7034}.Debug|Any CPU.ActiveCfg = Debug|Any CPU
		{BA05EE90-164E-4645-9817-C29E3CDB7034}.Debug|Any CPU.Build.0 = Debug|Any CPU
		{BA05EE90-164E-4645-9817-C29E3CDB7034}.Release|Any CPU.ActiveCfg = Release|Any CPU
		{BA05EE90-164E-4645-9817-C29E3CDB7034}.Release|Any CPU.Build.0 = Release|Any CPU
		{BBFA632A-CC3E-4636-8660-AA286F4B954A}.Debug|Any CPU.ActiveCfg = Debug|Any CPU
		{BBFA632A-CC3E-4636-8660-AA286F4B954A}.Debug|Any CPU.Build.0 = Debug|Any CPU
		{BBFA632A-CC3E-4636-8660-AA286F4B954A}.Release|Any CPU.ActiveCfg = Release|Any CPU
		{BBFA632A-CC3E-4636-8660-AA286F4B954A}.Release|Any CPU.Build.0 = Release|Any CPU
		{5479D905-953A-4E5C-9D3E-5C2406CC5694}.Debug|Any CPU.ActiveCfg = Debug|Any CPU
		{5479D905-953A-4E5C-9D3E-5C2406CC5694}.Debug|Any CPU.Build.0 = Debug|Any CPU
		{5479D905-953A-4E5C-9D3E-5C2406CC5694}.Release|Any CPU.ActiveCfg = Release|Any CPU
		{5479D905-953A-4E5C-9D3E-5C2406CC5694}.Release|Any CPU.Build.0 = Release|Any CPU
	EndGlobalSection
	GlobalSection(SolutionProperties) = preSolution
		HideSolutionNode = FALSE
	EndGlobalSection
	GlobalSection(NestedProjects) = preSolution
		{27E52387-E016-3428-247D-485FCEA97004} = {02EA681E-C7D8-13C7-8484-4AC65E1B71E8}
		{03E52C0A-4CA6-2812-BE6F-B1A551D4D420} = {02EA681E-C7D8-13C7-8484-4AC65E1B71E8}
		{1F7E71D6-0C5F-0C44-92B8-41271CDCECDC} = {02EA681E-C7D8-13C7-8484-4AC65E1B71E8}
		{C1079F3E-74F3-3449-97F5-0A42AE17AF83} = {02EA681E-C7D8-13C7-8484-4AC65E1B71E8}
		{61448976-9E4C-58B0-4B7D-EEF00AACBA09} = {02EA681E-C7D8-13C7-8484-4AC65E1B71E8}
		{0D1C340A-CEA7-48EA-A5CB-9156EEFCB3D5} = {986E5D6F-FE81-4298-B36E-702099CD2C09}
		{B3FF2057-C1B1-4222-A9FE-473BF3CFE66C} = {986E5D6F-FE81-4298-B36E-702099CD2C09}
		{DCB6C662-C63A-402A-9EC8-8A86C43E5BC0} = {986E5D6F-FE81-4298-B36E-702099CD2C09}
		{530AA0ED-A183-4A41-9205-6A76E6FE3025} = {986E5D6F-FE81-4298-B36E-702099CD2C09}
		{1E15531F-9935-4B96-B131-9097F73598B4} = {986E5D6F-FE81-4298-B36E-702099CD2C09}
		{BA05EE90-164E-4645-9817-C29E3CDB7034} = {DEA1808D-9901-4542-BC82-167C7882A384}
		{BBFA632A-CC3E-4636-8660-AA286F4B954A} = {DEA1808D-9901-4542-BC82-167C7882A384}
		{5479D905-953A-4E5C-9D3E-5C2406CC5694} = {889ADF64-4E95-4F63-AADE-38A2FC077843}
	EndGlobalSection
	GlobalSection(ExtensibilityGlobals) = postSolution
		SolutionGuid = {FA3DA7AD-6F57-4D2D-8BDE-C43A719A2567}
	EndGlobalSection
EndGlobal
